PODS:
  - RxKeychain (0.1.0):
    - RxSwift
  - RxSwift (5.1.1)

DEPENDENCIES:
  - RxKeychain

SPEC REPOS:
  trunk:
    - RxKeychain
    - RxSwift

SPEC CHECKSUMS:
  RxKeychain: 0d2cd1f614944be2c4f2221fd98012a26e234900
  RxSwift: 81470a2074fa8780320ea5fe4102807cb7118178

PODFILE CHECKSUM: dd52e18fa40356d937f70030378d3eea1159ac7d

COCOAPODS: 1.9.1
