PODS:
  - RxKeychain (0.1.2):
    - RxSwift
  - RxSwift (5.1.1)

DEPENDENCIES:
  - RxKeychain (from `../`)

SPEC REPOS:
  trunk:
    - RxSwift

EXTERNAL SOURCES:
  RxKeychain:
    :path: "../"

SPEC CHECKSUMS:
  RxKeychain: f0e5da915b36f92dd2e1db4b98ff34f74d00ea06
  RxSwift: 81470a2074fa8780320ea5fe4102807cb7118178

PODFILE CHECKSUM: b76cba1a18ffb5366a667bbf2596ce1c6fa41518

COCOAPODS: 1.9.1
