PODS:
  - RxKeychain (0.1.5):
    - RxSwift
  - RxSwift (6.0.0)

DEPENDENCIES:
  - RxKeychain (from `../`)

SPEC REPOS:
  trunk:
    - RxSwift

EXTERNAL SOURCES:
  RxKeychain:
    :path: "../"

SPEC CHECKSUMS:
  RxKeychain: 5732f60f8a8198c75ccacc17c417d7468dabdd8a
  RxSwift: c14e798c59b9f6e9a2df8fd235602e85cc044295

PODFILE CHECKSUM: b76cba1a18ffb5366a667bbf2596ce1c6fa41518

COCOAPODS: 1.9.3
